# @generated - this file is auto-generated by `mise lock` https://mise.jdx.dev/dev-tools/mise-lock.html

lockfile_version = 1

[[tools."github:elm/compiler"]]
version = "0.19.1"
backend = "github:elm/compiler"
specifiers = ["0.19.1"]

[tools."github:elm/compiler".options]
asset_pattern = "binary-for-windows-64-bit.gz"

[tools."github:elm/compiler"."platforms.windows-arm64"]
url = "https://github.com/elm/compiler/releases/download/0.19.1/binary-for-windows-64-bit.gz"
url_api = "https://api.github.com/repos/elm/compiler/releases/assets/15479017"
